
Microsoft Visual Studio Solution File, Format Version 12.00
# Visual Studio Version 17
VisualStudioVersion = 17.0.32014.148
MinimumVisualStudioVersion = 10.0.40219.1
Project("{FAE04EC0-301F-11D3-BF4B-00C04F79EFBC}") = "TicTacToeProgram", "TicTacToeProgram\TicTacToeProgram.csproj", "{762AFB8C-EF8D-4CE4-B123-13A172BCD97B}"
EndProject
Global
	GlobalSection(SolutionConfigurationPlatforms) = preSolution
		Debug|Any CPU = Debug|Any CPU
		Release|Any CPU = Release|Any CPU
	EndGlobalSection
	GlobalSection(ProjectConfigurationPlatforms) = postSolution
		{762AFB8C-EF8D-4CE4-B123-13A172BCD97B}.Debug|Any CPU.ActiveCfg = Debug|Any CPU
		{762AFB8C-EF8D-4CE4-B123-13A172BCD97B}.Debug|Any CPU.Build.0 = Debug|Any CPU
		{762AFB8C-EF8D-4CE4-B123-13A172BCD97B}.Release|Any CPU.ActiveCfg = Release|Any CPU
		{762AFB8C-EF8D-4CE4-B123-13A172BCD97B}.Release|Any CPU.Build.0 = Release|Any CPU
	EndGlobalSection
	GlobalSection(SolutionProperties) = preSolution
		HideSolutionNode = FALSE
	EndGlobalSection
	GlobalSection(ExtensibilityGlobals) = postSolution
		SolutionGuid = {A1BB7595-96B5-4E06-847C-80A7808BDED0}
	EndGlobalSection
EndGlobal
